
Microsoft Visual Studio Solution File, Format Version 12.00
Project("{FAE04EC0-301F-11D3-BF4B-00C04F79EFBC}") = "WeatherAppWithDependencyInjection", "WeatherAppWithDependencyInjection\WeatherAppWithDependencyInjection.csproj", "{8CAC24BF-936C-4656-8219-A8F765FB8BB4}"
EndProject
Global
	GlobalSection(SolutionConfigurationPlatforms) = preSolution
		Debug|Any CPU = Debug|Any CPU
		Release|Any CPU = Release|Any CPU
	EndGlobalSection
	GlobalSection(ProjectConfigurationPlatforms) = postSolution
		{8CAC24BF-936C-4656-8219-A8F765FB8BB4}.Debug|Any CPU.ActiveCfg = Debug|Any CPU
		{8CAC24BF-936C-4656-8219-A8F765FB8BB4}.Debug|Any CPU.Build.0 = Debug|Any CPU
		{8CAC24BF-936C-4656-8219-A8F765FB8BB4}.Release|Any CPU.ActiveCfg = Release|Any CPU
		{8CAC24BF-936C-4656-8219-A8F765FB8BB4}.Release|Any CPU.Build.0 = Release|Any CPU
	EndGlobalSection
EndGlobal
