
Microsoft Visual Studio Solution File, Format Version 12.00
Project("{FAE04EC0-301F-11D3-BF4B-00C04F79EFBC}") = "WeatherAppWithPartialViews", "WeatherAppWithPartialViews\WeatherAppWithPartialViews.csproj", "{B92EBE28-4D18-46F4-B59C-CD5F4D8535BC}"
EndProject
Global
	GlobalSection(SolutionConfigurationPlatforms) = preSolution
		Debug|Any CPU = Debug|Any CPU
		Release|Any CPU = Release|Any CPU
	EndGlobalSection
	GlobalSection(ProjectConfigurationPlatforms) = postSolution
		{B92EBE28-4D18-46F4-B59C-CD5F4D8535BC}.Debug|Any CPU.ActiveCfg = Debug|Any CPU
		{B92EBE28-4D18-46F4-B59C-CD5F4D8535BC}.Debug|Any CPU.Build.0 = Debug|Any CPU
		{B92EBE28-4D18-46F4-B59C-CD5F4D8535BC}.Release|Any CPU.ActiveCfg = Release|Any CPU
		{B92EBE28-4D18-46F4-B59C-CD5F4D8535BC}.Release|Any CPU.Build.0 = Release|Any CPU
	EndGlobalSection
EndGlobal
