
Microsoft Visual Studio Solution File, Format Version 12.00
Project("{FAE04EC0-301F-11D3-BF4B-00C04F79EFBC}") = "MinimalAPI", "MinimalAPI\MinimalAPI.csproj", "{5AD66DE0-DE7E-4E78-8E80-C917AA0F1007}"
EndProject
Global
	GlobalSection(SolutionConfigurationPlatforms) = preSolution
		Debug|Any CPU = Debug|Any CPU
		Release|Any CPU = Release|Any CPU
	EndGlobalSection
	GlobalSection(ProjectConfigurationPlatforms) = postSolution
		{5AD66DE0-DE7E-4E78-8E80-C917AA0F1007}.Debug|Any CPU.ActiveCfg = Debug|Any CPU
		{5AD66DE0-DE7E-4E78-8E80-C917AA0F1007}.Debug|Any CPU.Build.0 = Debug|Any CPU
		{5AD66DE0-DE7E-4E78-8E80-C917AA0F1007}.Release|Any CPU.ActiveCfg = Release|Any CPU
		{5AD66DE0-DE7E-4E78-8E80-C917AA0F1007}.Release|Any CPU.Build.0 = Release|Any CPU
	EndGlobalSection
EndGlobal
